// !$*UTF8*$!
{
	archiveVersion = 1;
	classes = {
	};
	objectVersion = 46;
	objects = {

/* Begin PBXBuildFile section */
		0B96BBBC2043AAFE00AA073B /* AppDelegate.swift in Sources */ = {isa = PBXBuildFile; fileRef = 0B96BBBB2043AAFE00AA073B /* AppDelegate.swift */; };
		0B96BBBE2043AAFE00AA073B /* AddressListViewController.swift in Sources */ = {isa = PBXBuildFile; fileRef = 0B96BBBD2043AAFE00AA073B /* AddressListViewController.swift */; };
		0B96BBC12043AAFE00AA073B /* Main.storyboard in Resources */ = {isa = PBXBuildFile; fileRef = 0B96BBBF2043AAFE00AA073B /* Main.storyboard */; };
		0B96BBC42043AAFE00AA073B /* AddressView.xcdatamodeld in Sources */ = {isa = PBXBuildFile; fileRef = 0B96BBC22043AAFE00AA073B /* AddressView.xcdatamodeld */; };
		0B96BBC62043AAFE00AA073B /* Assets.xcassets in Resources */ = {isa = PBXBuildFile; fileRef = 0B96BBC52043AAFE00AA073B /* Assets.xcassets */; };
		0B96BBC92043AAFE00AA073B /* LaunchScreen.storyboard in Resources */ = {isa = PBXBuildFile; fileRef = 0B96BBC72043AAFE00AA073B /* LaunchScreen.storyboard */; };
		0B96BBD42043AAFE00AA073B /* AddressViewTests.swift in Sources */ = {isa = PBXBuildFile; fileRef = 0B96BBD32043AAFE00AA073B /* AddressViewTests.swift */; };
		0B96BBDF2043AAFE00AA073B /* AddressViewUITests.swift in Sources */ = {isa = PBXBuildFile; fileRef = 0B96BBDE2043AAFE00AA073B /* AddressViewUITests.swift */; };
		0B96BBEF2043ABBA00AA073B /* AddressListViewController.xib in Resources */ = {isa = PBXBuildFile; fileRef = 0B96BBEE2043ABBA00AA073B /* AddressListViewController.xib */; };
		0B96BC432047C7F000AA073B /* AddressListViewCell.xib in Resources */ = {isa = PBXBuildFile; fileRef = 0B96BC422047C7F000AA073B /* AddressListViewCell.xib */; };
		0B96BC452047C80900AA073B /* AddressListViewCell.swift in Sources */ = {isa = PBXBuildFile; fileRef = 0B96BC442047C80900AA073B /* AddressListViewCell.swift */; };
/* End PBXBuildFile section */

/* Begin PBXContainerItemProxy section */
		0B96BBD02043AAFE00AA073B /* PBXContainerItemProxy */ = {
			isa = PBXContainerItemProxy;
			containerPortal = 0B96BBB02043AAFE00AA073B /* Project object */;
			proxyType = 1;
			remoteGlobalIDString = 0B96BBB72043AAFE00AA073B;
			remoteInfo = AddressView;
		};
		0B96BBDB2043AAFE00AA073B /* PBXContainerItemProxy */ = {
			isa = PBXContainerItemProxy;
			containerPortal = 0B96BBB02043AAFE00AA073B /* Project object */;
			proxyType = 1;
			remoteGlobalIDString = 0B96BBB72043AAFE00AA073B;
			remoteInfo = AddressView;
		};
/* End PBXContainerItemProxy section */

/* Begin PBXFileReference section */
		0B96BBB82043AAFE00AA073B /* AddressView.app */ = {isa = PBXFileReference; explicitFileType = wrapper.application; includeInIndex = 0; path = AddressView.app; sourceTree = BUILT_PRODUCTS_DIR; };
		0B96BBBB2043AAFE00AA073B /* AppDelegate.swift */ = {isa = PBXFileReference; lastKnownFileType = sourcecode.swift; path = AppDelegate.swift; sourceTree = "<group>"; };
		0B96BBBD2043AAFE00AA073B /* AddressListViewController.swift */ = {isa = PBXFileReference; lastKnownFileType = sourcecode.swift; path = AddressListViewController.swift; sourceTree = "<group>"; };
		0B96BBC02043AAFE00AA073B /* Base */ = {isa = PBXFileReference; lastKnownFileType = file.storyboard; name = Base; path = Base.lproj/Main.storyboard; sourceTree = "<group>"; };
		0B96BBC32043AAFE00AA073B /* AddressView.xcdatamodel */ = {isa = PBXFileReference; lastKnownFileType = wrapper.xcdatamodel; path = AddressView.xcdatamodel; sourceTree = "<group>"; };
		0B96BBC52043AAFE00AA073B /* Assets.xcassets */ = {isa = PBXFileReference; lastKnownFileType = folder.assetcatalog; path = Assets.xcassets; sourceTree = "<group>"; };
		0B96BBC82043AAFE00AA073B /* Base */ = {isa = PBXFileReference; lastKnownFileType = file.storyboard; name = Base; path = Base.lproj/LaunchScreen.storyboard; sourceTree = "<group>"; };
		0B96BBCA2043AAFE00AA073B /* Info.plist */ = {isa = PBXFileReference; lastKnownFileType = text.plist.xml; path = Info.plist; sourceTree = "<group>"; };
		0B96BBCF2043AAFE00AA073B /* AddressViewTests.xctest */ = {isa = PBXFileReference; explicitFileType = wrapper.cfbundle; includeInIndex = 0; path = AddressViewTests.xctest; sourceTree = BUILT_PRODUCTS_DIR; };
		0B96BBD32043AAFE00AA073B /* AddressViewTests.swift */ = {isa = PBXFileReference; lastKnownFileType = sourcecode.swift; path = AddressViewTests.swift; sourceTree = "<group>"; };
		0B96BBD52043AAFE00AA073B /* Info.plist */ = {isa = PBXFileReference; lastKnownFileType = text.plist.xml; path = Info.plist; sourceTree = "<group>"; };
		0B96BBDA2043AAFE00AA073B /* AddressViewUITests.xctest */ = {isa = PBXFileReference; explicitFileType = wrapper.cfbundle; includeInIndex = 0; path = AddressViewUITests.xctest; sourceTree = BUILT_PRODUCTS_DIR; };
		0B96BBDE2043AAFE00AA073B /* AddressViewUITests.swift */ = {isa = PBXFileReference; lastKnownFileType = sourcecode.swift; path = AddressViewUITests.swift; sourceTree = "<group>"; };
		0B96BBE02043AAFF00AA073B /* Info.plist */ = {isa = PBXFileReference; lastKnownFileType = text.plist.xml; path = Info.plist; sourceTree = "<group>"; };
		0B96BBEE2043ABBA00AA073B /* AddressListViewController.xib */ = {isa = PBXFileReference; fileEncoding = 4; lastKnownFileType = file.xib; path = AddressListViewController.xib; sourceTree = "<group>"; };
		0B96BC422047C7F000AA073B /* AddressListViewCell.xib */ = {isa = PBXFileReference; fileEncoding = 4; lastKnownFileType = file.xib; path = AddressListViewCell.xib; sourceTree = "<group>"; };
		0B96BC442047C80900AA073B /* AddressListViewCell.swift */ = {isa = PBXFileReference; fileEncoding = 4; lastKnownFileType = sourcecode.swift; path = AddressListViewCell.swift; sourceTree = "<group>"; };
/* End PBXFileReference section */

/* Begin PBXFrameworksBuildPhase section */
		0B96BBB52043AAFE00AA073B /* Frameworks */ = {
			isa = PBXFrameworksBuildPhase;
			buildActionMask = 2147483647;
			files = (
			);
			runOnlyForDeploymentPostprocessing = 0;
		};
		0B96BBCC2043AAFE00AA073B /* Frameworks */ = {
			isa = PBXFrameworksBuildPhase;
			buildActionMask = 2147483647;
			files = (
			);
			runOnlyForDeploymentPostprocessing = 0;
		};
		0B96BBD72043AAFE00AA073B /* Frameworks */ = {
			isa = PBXFrameworksBuildPhase;
			buildActionMask = 2147483647;
			files = (
			);
			runOnlyForDeploymentPostprocessing = 0;
		};
/* End PBXFrameworksBuildPhase section */

/* Begin PBXGroup section */
		0B96BBAF2043AAFE00AA073B = {
			isa = PBXGroup;
			children = (
				0B96BBBA2043AAFE00AA073B /* AddressView */,
				0B96BBD22043AAFE00AA073B /* AddressViewTests */,
				0B96BBDD2043AAFE00AA073B /* AddressViewUITests */,
				0B96BBB92043AAFE00AA073B /* Products */,
			);
			sourceTree = "<group>";
		};
		0B96BBB92043AAFE00AA073B /* Products */ = {
			isa = PBXGroup;
			children = (
				0B96BBB82043AAFE00AA073B /* AddressView.app */,
				0B96BBCF2043AAFE00AA073B /* AddressViewTests.xctest */,
				0B96BBDA2043AAFE00AA073B /* AddressViewUITests.xctest */,
			);
			name = Products;
			sourceTree = "<group>";
		};
		0B96BBBA2043AAFE00AA073B /* AddressView */ = {
			isa = PBXGroup;
			children = (
				0B96BBF72044203600AA073B /* AddressDetail */,
				0B96BBF62044202200AA073B /* AddressList */,
				0B96BBBB2043AAFE00AA073B /* AppDelegate.swift */,
				0B96BBBF2043AAFE00AA073B /* Main.storyboard */,
				0B96BBC52043AAFE00AA073B /* Assets.xcassets */,
				0B96BBC72043AAFE00AA073B /* LaunchScreen.storyboard */,
				0B96BBCA2043AAFE00AA073B /* Info.plist */,
				0B96BBC22043AAFE00AA073B /* AddressView.xcdatamodeld */,
			);
			path = AddressView;
			sourceTree = "<group>";
		};
		0B96BBD22043AAFE00AA073B /* AddressViewTests */ = {
			isa = PBXGroup;
			children = (
				0B96BBD32043AAFE00AA073B /* AddressViewTests.swift */,
				0B96BBD52043AAFE00AA073B /* Info.plist */,
			);
			path = AddressViewTests;
			sourceTree = "<group>";
		};
		0B96BBDD2043AAFE00AA073B /* AddressViewUITests */ = {
			isa = PBXGroup;
			children = (
				0B96BBDE2043AAFE00AA073B /* AddressViewUITests.swift */,
				0B96BBE02043AAFF00AA073B /* Info.plist */,
			);
			path = AddressViewUITests;
			sourceTree = "<group>";
		};
		0B96BBF62044202200AA073B /* AddressList */ = {
			isa = PBXGroup;
			children = (
				0B96BBBD2043AAFE00AA073B /* AddressListViewController.swift */,
				0B96BBEE2043ABBA00AA073B /* AddressListViewController.xib */,
				0B96BC422047C7F000AA073B /* AddressListViewCell.xib */,
				0B96BC442047C80900AA073B /* AddressListViewCell.swift */,
			);
			name = AddressList;
			sourceTree = "<group>";
		};
		0B96BBF72044203600AA073B /* AddressDetail */ = {
			isa = PBXGroup;
			children = (
			);
			name = AddressDetail;
			sourceTree = "<group>";
		};
/* End PBXGroup section */

/* Begin PBXNativeTarget section */
		0B96BBB72043AAFE00AA073B /* AddressView */ = {
			isa = PBXNativeTarget;
			buildConfigurationList = 0B96BBE32043AAFF00AA073B /* Build configuration list for PBXNativeTarget "AddressView" */;
			buildPhases = (
				0B96BBB42043AAFE00AA073B /* Sources */,
				0B96BBB52043AAFE00AA073B /* Frameworks */,
				0B96BBB62043AAFE00AA073B /* Resources */,
			);
			buildRules = (
			);
			dependencies = (
			);
			name = AddressView;
			productName = AddressView;
			productReference = 0B96BBB82043AAFE00AA073B /* AddressView.app */;
			productType = "com.apple.product-type.application";
		};
		0B96BBCE2043AAFE00AA073B /* AddressViewTests */ = {
			isa = PBXNativeTarget;
			buildConfigurationList = 0B96BBE62043AAFF00AA073B /* Build configuration list for PBXNativeTarget "AddressViewTests" */;
			buildPhases = (
				0B96BBCB2043AAFE00AA073B /* Sources */,
				0B96BBCC2043AAFE00AA073B /* Frameworks */,
				0B96BBCD2043AAFE00AA073B /* Resources */,
			);
			buildRules = (
			);
			dependencies = (
				0B96BBD12043AAFE00AA073B /* PBXTargetDependency */,
			);
			name = AddressViewTests;
			productName = AddressViewTests;
			productReference = 0B96BBCF2043AAFE00AA073B /* AddressViewTests.xctest */;
			productType = "com.apple.product-type.bundle.unit-test";
		};
		0B96BBD92043AAFE00AA073B /* AddressViewUITests */ = {
			isa = PBXNativeTarget;
			buildConfigurationList = 0B96BBE92043AAFF00AA073B /* Build configuration list for PBXNativeTarget "AddressViewUITests" */;
			buildPhases = (
				0B96BBD62043AAFE00AA073B /* Sources */,
				0B96BBD72043AAFE00AA073B /* Frameworks */,
				0B96BBD82043AAFE00AA073B /* Resources */,
			);
			buildRules = (
			);
			dependencies = (
				0B96BBDC2043AAFE00AA073B /* PBXTargetDependency */,
			);
			name = AddressViewUITests;
			productName = AddressViewUITests;
			productReference = 0B96BBDA2043AAFE00AA073B /* AddressViewUITests.xctest */;
			productType = "com.apple.product-type.bundle.ui-testing";
		};
/* End PBXNativeTarget section */

/* Begin PBXProject section */
		0B96BBB02043AAFE00AA073B /* Project object */ = {
			isa = PBXProject;
			attributes = {
				LastSwiftUpdateCheck = 0830;
				LastUpgradeCheck = 0830;
				ORGANIZATIONNAME = TechLab.1;
				TargetAttributes = {
					0B96BBB72043AAFE00AA073B = {
						CreatedOnToolsVersion = 8.3.3;
						DevelopmentTeam = VMCGB8QD6R;
						ProvisioningStyle = Automatic;
					};
					0B96BBCE2043AAFE00AA073B = {
						CreatedOnToolsVersion = 8.3.3;
						DevelopmentTeam = VMCGB8QD6R;
						ProvisioningStyle = Automatic;
						TestTargetID = 0B96BBB72043AAFE00AA073B;
					};
					0B96BBD92043AAFE00AA073B = {
						CreatedOnToolsVersion = 8.3.3;
						DevelopmentTeam = VMCGB8QD6R;
						ProvisioningStyle = Automatic;
						TestTargetID = 0B96BBB72043AAFE00AA073B;
					};
				};
			};
			buildConfigurationList = 0B96BBB32043AAFE00AA073B /* Build configuration list for PBXProject "AddressView" */;
			compatibilityVersion = "Xcode 3.2";
			developmentRegion = English;
			hasScannedForEncodings = 0;
			knownRegions = (
				en,
				Base,
			);
			mainGroup = 0B96BBAF2043AAFE00AA073B;
			productRefGroup = 0B96BBB92043AAFE00AA073B /* Products */;
			projectDirPath = "";
			projectRoot = "";
			targets = (
				0B96BBB72043AAFE00AA073B /* AddressView */,
				0B96BBCE2043AAFE00AA073B /* AddressViewTests */,
				0B96BBD92043AAFE00AA073B /* AddressViewUITests */,
			);
		};
/* End PBXProject section */

/* Begin PBXResourcesBuildPhase section */
		0B96BBB62043AAFE00AA073B /* Resources */ = {
			isa = PBXResourcesBuildPhase;
			buildActionMask = 2147483647;
			files = (
				0B96BC432047C7F000AA073B /* AddressListViewCell.xib in Resources */,
				0B96BBEF2043ABBA00AA073B /* AddressListViewController.xib in Resources */,
				0B96BBC92043AAFE00AA073B /* LaunchScreen.storyboard in Resources */,
				0B96BBC62043AAFE00AA073B /* Assets.xcassets in Resources */,
				0B96BBC12043AAFE00AA073B /* Main.storyboard in Resources */,
			);
			runOnlyForDeploymentPostprocessing = 0;
		};
		0B96BBCD2043AAFE00AA073B /* Resources */ = {
			isa = PBXResourcesBuildPhase;
			buildActionMask = 2147483647;
			files = (
			);
			runOnlyForDeploymentPostprocessing = 0;
		};
		0B96BBD82043AAFE00AA073B /* Resources */ = {
			isa = PBXResourcesBuildPhase;
			buildActionMask = 2147483647;
			files = (
			);
			runOnlyForDeploymentPostprocessing = 0;
		};
/* End PBXResourcesBuildPhase section */

/* Begin PBXSourcesBuildPhase section */
		0B96BBB42043AAFE00AA073B /* Sources */ = {
			isa = PBXSourcesBuildPhase;
			buildActionMask = 2147483647;
			files = (
				0B96BBBE2043AAFE00AA073B /* AddressListViewController.swift in Sources */,
				0B96BC452047C80900AA073B /* AddressListViewCell.swift in Sources */,
				0B96BBC42043AAFE00AA073B /* AddressView.xcdatamodeld in Sources */,
				0B96BBBC2043AAFE00AA073B /* AppDelegate.swift in Sources */,
			);
			runOnlyForDeploymentPostprocessing = 0;
		};
		0B96BBCB2043AAFE00AA073B /* Sources */ = {
			isa = PBXSourcesBuildPhase;
			buildActionMask = 2147483647;
			files = (
				0B96BBD42043AAFE00AA073B /* AddressViewTests.swift in Sources */,
			);
			runOnlyForDeploymentPostprocessing = 0;
		};
		0B96BBD62043AAFE00AA073B /* Sources */ = {
			isa = PBXSourcesBuildPhase;
			buildActionMask = 2147483647;
			files = (
				0B96BBDF2043AAFE00AA073B /* AddressViewUITests.swift in Sources */,
			);
			runOnlyForDeploymentPostprocessing = 0;
		};
/* End PBXSourcesBuildPhase section */

/* Begin PBXTargetDependency section */
		0B96BBD12043AAFE00AA073B /* PBXTargetDependency */ = {
			isa = PBXTargetDependency;
			target = 0B96BBB72043AAFE00AA073B /* AddressView */;
			targetProxy = 0B96BBD02043AAFE00AA073B /* PBXContainerItemProxy */;
		};
		0B96BBDC2043AAFE00AA073B /* PBXTargetDependency */ = {
			isa = PBXTargetDependency;
			target = 0B96BBB72043AAFE00AA073B /* AddressView */;
			targetProxy = 0B96BBDB2043AAFE00AA073B /* PBXContainerItemProxy */;
		};
/* End PBXTargetDependency section */

/* Begin PBXVariantGroup section */
		0B96BBBF2043AAFE00AA073B /* Main.storyboard */ = {
			isa = PBXVariantGroup;
			children = (
				0B96BBC02043AAFE00AA073B /* Base */,
			);
			name = Main.storyboard;
			sourceTree = "<group>";
		};
		0B96BBC72043AAFE00AA073B /* LaunchScreen.storyboard */ = {
			isa = PBXVariantGroup;
			children = (
				0B96BBC82043AAFE00AA073B /* Base */,
			);
			name = LaunchScreen.storyboard;
			sourceTree = "<group>";
		};
/* End PBXVariantGroup section */

/* Begin XCBuildConfiguration section */
		0B96BBE12043AAFF00AA073B /* Debug */ = {
			isa = XCBuildConfiguration;
			buildSettings = {
				ALWAYS_SEARCH_USER_PATHS = NO;
				CLANG_ANALYZER_NONNULL = YES;
				CLANG_ANALYZER_NUMBER_OBJECT_CONVERSION = YES_AGGRESSIVE;
				CLANG_CXX_LANGUAGE_STANDARD = "gnu++0x";
				CLANG_CXX_LIBRARY = "libc++";
				CLANG_ENABLE_MODULES = YES;
				CLANG_ENABLE_OBJC_ARC = YES;
				CLANG_WARN_BOOL_CONVERSION = YES;
				CLANG_WARN_CONSTANT_CONVERSION = YES;
				CLANG_WARN_DIRECT_OBJC_ISA_USAGE = YES_ERROR;
				CLANG_WARN_DOCUMENTATION_COMMENTS = YES;
				CLANG_WARN_EMPTY_BODY = YES;
				CLANG_WARN_ENUM_CONVERSION = YES;
				CLANG_WARN_INFINITE_RECURSION = YES;
				CLANG_WARN_INT_CONVERSION = YES;
				CLANG_WARN_OBJC_ROOT_CLASS = YES_ERROR;
				CLANG_WARN_SUSPICIOUS_MOVE = YES;
				CLANG_WARN_UNREACHABLE_CODE = YES;
				CLANG_WARN__DUPLICATE_METHOD_MATCH = YES;
				"CODE_SIGN_IDENTITY[sdk=iphoneos*]" = "iPhone Developer";
				COPY_PHASE_STRIP = NO;
				DEBUG_INFORMATION_FORMAT = dwarf;
				ENABLE_STRICT_OBJC_MSGSEND = YES;
				ENABLE_TESTABILITY = YES;
				GCC_C_LANGUAGE_STANDARD = gnu99;
				GCC_DYNAMIC_NO_PIC = NO;
				GCC_NO_COMMON_BLOCKS = YES;
				GCC_OPTIMIZATION_LEVEL = 0;
				GCC_PREPROCESSOR_DEFINITIONS = (
					"DEBUG=1",
					"$(inherited)",
				);
				GCC_WARN_64_TO_32_BIT_CONVERSION = YES;
				GCC_WARN_ABOUT_RETURN_TYPE = YES_ERROR;
				GCC_WARN_UNDECLARED_SELECTOR = YES;
				GCC_WARN_UNINITIALIZED_AUTOS = YES_AGGRESSIVE;
				GCC_WARN_UNUSED_FUNCTION = YES;
				GCC_WARN_UNUSED_VARIABLE = YES;
				IPHONEOS_DEPLOYMENT_TARGET = 10.3;
				MTL_ENABLE_DEBUG_INFO = YES;
				ONLY_ACTIVE_ARCH = YES;
				SDKROOT = iphoneos;
				SWIFT_ACTIVE_COMPILATION_CONDITIONS = DEBUG;
				SWIFT_OPTIMIZATION_LEVEL = "-Onone";
				TARGETED_DEVICE_FAMILY = "1,2";
			};
			name = Debug;
		};
		0B96BBE22043AAFF00AA073B /* Release */ = {
			isa = XCBuildConfiguration;
			buildSettings = {
				ALWAYS_SEARCH_USER_PATHS = NO;
				CLANG_ANALYZER_NONNULL = YES;
				CLANG_ANALYZER_NUMBER_OBJECT_CONVERSION = YES_AGGRESSIVE;
				CLANG_CXX_LANGUAGE_STANDARD = "gnu++0x";
				CLANG_CXX_LIBRARY = "libc++";
				CLANG_ENABLE_MODULES = YES;
				CLANG_ENABLE_OBJC_ARC = YES;
				CLANG_WARN_BOOL_CONVERSION = YES;
				CLANG_WARN_CONSTANT_CONVERSION = YES;
				CLANG_WARN_DIRECT_OBJC_ISA_USAGE = YES_ERROR;
				CLANG_WARN_DOCUMENTATION_COMMENTS = YES;
				CLANG_WARN_EMPTY_BODY = YES;
				CLANG_WARN_ENUM_CONVERSION = YES;
				CLANG_WARN_INFINITE_RECURSION = YES;
				CLANG_WARN_INT_CONVERSION = YES;
				CLANG_WARN_OBJC_ROOT_CLASS = YES_ERROR;
				CLANG_WARN_SUSPICIOUS_MOVE = YES;
				CLANG_WARN_UNREACHABLE_CODE = YES;
				CLANG_WARN__DUPLICATE_METHOD_MATCH = YES;
				"CODE_SIGN_IDENTITY[sdk=iphoneos*]" = "iPhone Developer";
				COPY_PHASE_STRIP = NO;
				DEBUG_INFORMATION_FORMAT = "dwarf-with-dsym";
				ENABLE_NS_ASSERTIONS = NO;
				ENABLE_STRICT_OBJC_MSGSEND = YES;
				GCC_C_LANGUAGE_STANDARD = gnu99;
				GCC_NO_COMMON_BLOCKS = YES;
				GCC_WARN_64_TO_32_BIT_CONVERSION = YES;
				GCC_WARN_ABOUT_RETURN_TYPE = YES_ERROR;
				GCC_WARN_UNDECLARED_SELECTOR = YES;
				GCC_WARN_UNINITIALIZED_AUTOS = YES_AGGRESSIVE;
				GCC_WARN_UNUSED_FUNCTION = YES;
				GCC_WARN_UNUSED_VARIABLE = YES;
				IPHONEOS_DEPLOYMENT_TARGET = 10.3;
				MTL_ENABLE_DEBUG_INFO = NO;
				SDKROOT = iphoneos;
				SWIFT_OPTIMIZATION_LEVEL = "-Owholemodule";
				TARGETED_DEVICE_FAMILY = "1,2";
				VALIDATE_PRODUCT = YES;
			};
			name = Release;
		};
		0B96BBE42043AAFF00AA073B /* Debug */ = {
			isa = XCBuildConfiguration;
			buildSettings = {
				ASSETCATALOG_COMPILER_APPICON_NAME = AppIcon;
				DEVELOPMENT_TEAM = VMCGB8QD6R;
				INFOPLIST_FILE = AddressView/Info.plist;
				LD_RUNPATH_SEARCH_PATHS = "$(inherited) @executable_path/Frameworks";
				PRODUCT_BUNDLE_IDENTIFIER = TechLab.1.AddressView;
				PRODUCT_NAME = "$(TARGET_NAME)";
				SWIFT_VERSION = 3.0;
			};
			name = Debug;
		};
		0B96BBE52043AAFF00AA073B /* Release */ = {
			isa = XCBuildConfiguration;
			buildSettings = {
				ASSETCATALOG_COMPILER_APPICON_NAME = AppIcon;
				DEVELOPMENT_TEAM = VMCGB8QD6R;
				INFOPLIST_FILE = AddressView/Info.plist;
				LD_RUNPATH_SEARCH_PATHS = "$(inherited) @executable_path/Frameworks";
				PRODUCT_BUNDLE_IDENTIFIER = TechLab.1.AddressView;
				PRODUCT_NAME = "$(TARGET_NAME)";
				SWIFT_VERSION = 3.0;
			};
			name = Release;
		};
		0B96BBE72043AAFF00AA073B /* Debug */ = {
			isa = XCBuildConfiguration;
			buildSettings = {
				ALWAYS_EMBED_SWIFT_STANDARD_LIBRARIES = YES;
				BUNDLE_LOADER = "$(TEST_HOST)";
				DEVELOPMENT_TEAM = VMCGB8QD6R;
				INFOPLIST_FILE = AddressViewTests/Info.plist;
				LD_RUNPATH_SEARCH_PATHS = "$(inherited) @executable_path/Frameworks @loader_path/Frameworks";
				PRODUCT_BUNDLE_IDENTIFIER = TechLab.1.AddressViewTests;
				PRODUCT_NAME = "$(TARGET_NAME)";
				SWIFT_VERSION = 3.0;
				TEST_HOST = "$(BUILT_PRODUCTS_DIR)/AddressView.app/AddressView";
			};
			name = Debug;
		};
		0B96BBE82043AAFF00AA073B /* Release */ = {
			isa = XCBuildConfiguration;
			buildSettings = {
				ALWAYS_EMBED_SWIFT_STANDARD_LIBRARIES = YES;
				BUNDLE_LOADER = "$(TEST_HOST)";
				DEVELOPMENT_TEAM = VMCGB8QD6R;
				INFOPLIST_FILE = AddressViewTests/Info.plist;
				LD_RUNPATH_SEARCH_PATHS = "$(inherited) @executable_path/Frameworks @loader_path/Frameworks";
				PRODUCT_BUNDLE_IDENTIFIER = TechLab.1.AddressViewTests;
				PRODUCT_NAME = "$(TARGET_NAME)";
				SWIFT_VERSION = 3.0;
				TEST_HOST = "$(BUILT_PRODUCTS_DIR)/AddressView.app/AddressView";
			};
			name = Release;
		};
		0B96BBEA2043AAFF00AA073B /* Debug */ = {
			isa = XCBuildConfiguration;
			buildSettings = {
				ALWAYS_EMBED_SWIFT_STANDARD_LIBRARIES = YES;
				DEVELOPMENT_TEAM = VMCGB8QD6R;
				INFOPLIST_FILE = AddressViewUITests/Info.plist;
				LD_RUNPATH_SEARCH_PATHS = "$(inherited) @executable_path/Frameworks @loader_path/Frameworks";
				PRODUCT_BUNDLE_IDENTIFIER = TechLab.1.AddressViewUITests;
				PRODUCT_NAME = "$(TARGET_NAME)";
				SWIFT_VERSION = 3.0;
				TEST_TARGET_NAME = AddressView;
			};
			name = Debug;
		};
		0B96BBEB2043AAFF00AA073B /* Release */ = {
			isa = XCBuildConfiguration;
			buildSettings = {
				ALWAYS_EMBED_SWIFT_STANDARD_LIBRARIES = YES;
				DEVELOPMENT_TEAM = VMCGB8QD6R;
				INFOPLIST_FILE = AddressViewUITests/Info.plist;
				LD_RUNPATH_SEARCH_PATHS = "$(inherited) @executable_path/Frameworks @loader_path/Frameworks";
				PRODUCT_BUNDLE_IDENTIFIER = TechLab.1.AddressViewUITests;
				PRODUCT_NAME = "$(TARGET_NAME)";
				SWIFT_VERSION = 3.0;
				TEST_TARGET_NAME = AddressView;
			};
			name = Release;
		};
/* End XCBuildConfiguration section */

/* Begin XCConfigurationList section */
		0B96BBB32043AAFE00AA073B /* Build configuration list for PBXProject "AddressView" */ = {
			isa = XCConfigurationList;
			buildConfigurations = (
				0B96BBE12043AAFF00AA073B /* Debug */,
				0B96BBE22043AAFF00AA073B /* Release */,
			);
			defaultConfigurationIsVisible = 0;
			defaultConfigurationName = Release;
		};
		0B96BBE32043AAFF00AA073B /* Build configuration list for PBXNativeTarget "AddressView" */ = {
			isa = XCConfigurationList;
			buildConfigurations = (
				0B96BBE42043AAFF00AA073B /* Debug */,
				0B96BBE52043AAFF00AA073B /* Release */,
			);
			defaultConfigurationIsVisible = 0;
			defaultConfigurationName = Release;
		};
		0B96BBE62043AAFF00AA073B /* Build configuration list for PBXNativeTarget "AddressViewTests" */ = {
			isa = XCConfigurationList;
			buildConfigurations = (
				0B96BBE72043AAFF00AA073B /* Debug */,
				0B96BBE82043AAFF00AA073B /* Release */,
			);
			defaultConfigurationIsVisible = 0;
			defaultConfigurationName = Release;
		};
		0B96BBE92043AAFF00AA073B /* Build configuration list for PBXNativeTarget "AddressViewUITests" */ = {
			isa = XCConfigurationList;
			buildConfigurations = (
				0B96BBEA2043AAFF00AA073B /* Debug */,
				0B96BBEB2043AAFF00AA073B /* Release */,
			);
			defaultConfigurationIsVisible = 0;
			defaultConfigurationName = Release;
		};
/* End XCConfigurationList section */

/* Begin XCVersionGroup section */
		0B96BBC22043AAFE00AA073B /* AddressView.xcdatamodeld */ = {
			isa = XCVersionGroup;
			children = (
				0B96BBC32043AAFE00AA073B /* AddressView.xcdatamodel */,
			);
			currentVersion = 0B96BBC32043AAFE00AA073B /* AddressView.xcdatamodel */;
			path = AddressView.xcdatamodeld;
			sourceTree = "<group>";
			versionGroupType = wrapper.xcdatamodel;
		};
/* End XCVersionGroup section */
	};
	rootObject = 0B96BBB02043AAFE00AA073B /* Project object */;
}
